
Microsoft Visual Studio Solution File, Format Version 12.00
# Visual Studio Version 17
VisualStudioVersion = 17.7.34202.233
MinimumVisualStudioVersion = 10.0.40219.1
Project("{FAE04EC0-301F-11D3-BF4B-00C04F79EFBC}") = "ExcellCSVTotalCount", "ExcellCSVTotalCount.csproj", "{A1EDC9D7-715D-445F-A687-55FD1E92EF47}"
EndProject
Global
	GlobalSection(SolutionConfigurationPlatforms) = preSolution
		Debug|Any CPU = Debug|Any CPU
		Release|Any CPU = Release|Any CPU
	EndGlobalSection
	GlobalSection(ProjectConfigurationPlatforms) = postSolution
		{A1EDC9D7-715D-445F-A687-55FD1E92EF47}.Debug|Any CPU.ActiveCfg = Debug|Any CPU
		{A1EDC9D7-715D-445F-A687-55FD1E92EF47}.Debug|Any CPU.Build.0 = Debug|Any CPU
		{A1EDC9D7-715D-445F-A687-55FD1E92EF47}.Release|Any CPU.ActiveCfg = Release|Any CPU
		{A1EDC9D7-715D-445F-A687-55FD1E92EF47}.Release|Any CPU.Build.0 = Release|Any CPU
	EndGlobalSection
	GlobalSection(SolutionProperties) = preSolution
		HideSolutionNode = FALSE
	EndGlobalSection
	GlobalSection(ExtensibilityGlobals) = postSolution
		SolutionGuid = {D96A5FA6-1504-441F-843A-7703FCAECA20}
	EndGlobalSection
EndGlobal
